
Microsoft Visual Studio Solution File, Format Version 12.00
# Visual Studio Version 17
VisualStudioVersion = 17.2.32602.215
MinimumVisualStudioVersion = 10.0.40219.1
Project("{9A19103F-16F7-4668-BE54-9A1E7A4F7556}") = "DB module exam", "DB module exam\DB module exam.csproj", "{3F6D7047-94F7-46E6-A29D-65A240ED8867}"
EndProject
Project("{9A19103F-16F7-4668-BE54-9A1E7A4F7556}") = "Repository", "Repository\Repository.csproj", "{7C18F601-C830-4A26-B7A9-A810EE7343BD}"
EndProject
Project("{9A19103F-16F7-4668-BE54-9A1E7A4F7556}") = "RestaurantAPI", "RestaurantAPI\RestaurantAPI.csproj", "{366612C4-6D3E-4600-B42C-441128F2D16C}"
EndProject
Project("{9A19103F-16F7-4668-BE54-9A1E7A4F7556}") = "Business", "Business\Business.csproj", "{2D18772B-20A3-4079-80DE-4327E2F98D7F}"
EndProject
Project("{FAE04EC0-301F-11D3-BF4B-00C04F79EFBC}") = "ConsoleApp1", "ConsoleApp1\ConsoleApp1.csproj", "{F1D7286E-D59D-402F-BA46-E8441253CC7F}"
EndProject
Global
	GlobalSection(SolutionConfigurationPlatforms) = preSolution
		Debug|Any CPU = Debug|Any CPU
		Release|Any CPU = Release|Any CPU
	EndGlobalSection
	GlobalSection(ProjectConfigurationPlatforms) = postSolution
		{3F6D7047-94F7-46E6-A29D-65A240ED8867}.Debug|Any CPU.ActiveCfg = Debug|Any CPU
		{3F6D7047-94F7-46E6-A29D-65A240ED8867}.Debug|Any CPU.Build.0 = Debug|Any CPU
		{3F6D7047-94F7-46E6-A29D-65A240ED8867}.Release|Any CPU.ActiveCfg = Release|Any CPU
		{3F6D7047-94F7-46E6-A29D-65A240ED8867}.Release|Any CPU.Build.0 = Release|Any CPU
		{7C18F601-C830-4A26-B7A9-A810EE7343BD}.Debug|Any CPU.ActiveCfg = Debug|Any CPU
		{7C18F601-C830-4A26-B7A9-A810EE7343BD}.Debug|Any CPU.Build.0 = Debug|Any CPU
		{7C18F601-C830-4A26-B7A9-A810EE7343BD}.Release|Any CPU.ActiveCfg = Release|Any CPU
		{7C18F601-C830-4A26-B7A9-A810EE7343BD}.Release|Any CPU.Build.0 = Release|Any CPU
		{366612C4-6D3E-4600-B42C-441128F2D16C}.Debug|Any CPU.ActiveCfg = Debug|Any CPU
		{366612C4-6D3E-4600-B42C-441128F2D16C}.Debug|Any CPU.Build.0 = Debug|Any CPU
		{366612C4-6D3E-4600-B42C-441128F2D16C}.Release|Any CPU.ActiveCfg = Release|Any CPU
		{366612C4-6D3E-4600-B42C-441128F2D16C}.Release|Any CPU.Build.0 = Release|Any CPU
		{2D18772B-20A3-4079-80DE-4327E2F98D7F}.Debug|Any CPU.ActiveCfg = Debug|Any CPU
		{2D18772B-20A3-4079-80DE-4327E2F98D7F}.Debug|Any CPU.Build.0 = Debug|Any CPU
		{2D18772B-20A3-4079-80DE-4327E2F98D7F}.Release|Any CPU.ActiveCfg = Release|Any CPU
		{2D18772B-20A3-4079-80DE-4327E2F98D7F}.Release|Any CPU.Build.0 = Release|Any CPU
		{F1D7286E-D59D-402F-BA46-E8441253CC7F}.Debug|Any CPU.ActiveCfg = Debug|Any CPU
		{F1D7286E-D59D-402F-BA46-E8441253CC7F}.Debug|Any CPU.Build.0 = Debug|Any CPU
		{F1D7286E-D59D-402F-BA46-E8441253CC7F}.Release|Any CPU.ActiveCfg = Release|Any CPU
		{F1D7286E-D59D-402F-BA46-E8441253CC7F}.Release|Any CPU.Build.0 = Release|Any CPU
	EndGlobalSection
	GlobalSection(SolutionProperties) = preSolution
		HideSolutionNode = FALSE
	EndGlobalSection
	GlobalSection(ExtensibilityGlobals) = postSolution
		SolutionGuid = {C282A5D6-8B8D-4A3B-8FAD-E204002A180B}
	EndGlobalSection
EndGlobal
